
Microsoft Visual Studio Solution File, Format Version 12.00
# Visual Studio Version 16
VisualStudioVersion = 16.0.29411.108
MinimumVisualStudioVersion = 10.0.40219.1
Project("{9A19103F-16F7-4668-BE54-9A1E7A4F7556}") = "MangaCrawler", "src\MangaCrawler\MangaCrawler.csproj", "{B455B8A7-2D79-4936-B571-D4CD1CAD3025}"
EndProject
Project("{9A19103F-16F7-4668-BE54-9A1E7A4F7556}") = "MangaCrawler.API", "src\MangaCrawler.API\MangaCrawler.API.csproj", "{2A402C1B-A5CB-4A9A-B226-29CE2FAD5037}"
EndProject
Project("{9A19103F-16F7-4668-BE54-9A1E7A4F7556}") = "MangaCrawlerTests", "src\MangaCrawlerTests\MangaCrawlerTests.csproj", "{44CDE5EC-90C1-4B3D-B47D-D9EEAFA6D7D6}"
EndProject
Global
	GlobalSection(SolutionConfigurationPlatforms) = preSolution
		Debug|Any CPU = Debug|Any CPU
		Release|Any CPU = Release|Any CPU
	EndGlobalSection
	GlobalSection(ProjectConfigurationPlatforms) = postSolution
		{B455B8A7-2D79-4936-B571-D4CD1CAD3025}.Debug|Any CPU.ActiveCfg = Debug|Any CPU
		{B455B8A7-2D79-4936-B571-D4CD1CAD3025}.Debug|Any CPU.Build.0 = Debug|Any CPU
		{B455B8A7-2D79-4936-B571-D4CD1CAD3025}.Release|Any CPU.ActiveCfg = Release|Any CPU
		{B455B8A7-2D79-4936-B571-D4CD1CAD3025}.Release|Any CPU.Build.0 = Release|Any CPU
		{2A402C1B-A5CB-4A9A-B226-29CE2FAD5037}.Debug|Any CPU.ActiveCfg = Debug|Any CPU
		{2A402C1B-A5CB-4A9A-B226-29CE2FAD5037}.Debug|Any CPU.Build.0 = Debug|Any CPU
		{2A402C1B-A5CB-4A9A-B226-29CE2FAD5037}.Release|Any CPU.ActiveCfg = Release|Any CPU
		{2A402C1B-A5CB-4A9A-B226-29CE2FAD5037}.Release|Any CPU.Build.0 = Release|Any CPU
		{44CDE5EC-90C1-4B3D-B47D-D9EEAFA6D7D6}.Debug|Any CPU.ActiveCfg = Debug|Any CPU
		{44CDE5EC-90C1-4B3D-B47D-D9EEAFA6D7D6}.Debug|Any CPU.Build.0 = Debug|Any CPU
		{44CDE5EC-90C1-4B3D-B47D-D9EEAFA6D7D6}.Release|Any CPU.ActiveCfg = Release|Any CPU
		{44CDE5EC-90C1-4B3D-B47D-D9EEAFA6D7D6}.Release|Any CPU.Build.0 = Release|Any CPU
	EndGlobalSection
	GlobalSection(SolutionProperties) = preSolution
		HideSolutionNode = FALSE
	EndGlobalSection
	GlobalSection(ExtensibilityGlobals) = postSolution
		SolutionGuid = {45B0DA32-F4DE-4F72-A129-B4EB5E2378D2}
	EndGlobalSection
EndGlobal
